
Microsoft Visual Studio Solution File, Format Version 12.00
# Visual Studio Version 17
VisualStudioVersion = 17.0.32112.339
MinimumVisualStudioVersion = 10.0.40219.1
Project("{FAE04EC0-301F-11D3-BF4B-00C04F79EFBC}") = "VideoSchedman", "VideoSchedman\VideoSchedman.csproj", "{7F597F1B-69EE-42C0-9ACC-F003C8FFDA2D}"
EndProject
Project("{FAE04EC0-301F-11D3-BF4B-00C04F79EFBC}") = "VideoSchedman.Samples", "VideoSchedman.Samples\VideoSchedman.Samples.csproj", "{6C44CBAE-9676-4B40-A59A-F67B69DC9A26}"
EndProject
Project("{FAE04EC0-301F-11D3-BF4B-00C04F79EFBC}") = "VideoSchedman.Tests", "VideoSchedman.Tests\VideoSchedman.Tests.csproj", "{13590CBB-1586-43D4-B6A3-21F6C2472775}"
EndProject
Global
	GlobalSection(SolutionConfigurationPlatforms) = preSolution
		Debug|Any CPU = Debug|Any CPU
		Release|Any CPU = Release|Any CPU
	EndGlobalSection
	GlobalSection(ProjectConfigurationPlatforms) = postSolution
		{7F597F1B-69EE-42C0-9ACC-F003C8FFDA2D}.Debug|Any CPU.ActiveCfg = Debug|Any CPU
		{7F597F1B-69EE-42C0-9ACC-F003C8FFDA2D}.Debug|Any CPU.Build.0 = Debug|Any CPU
		{7F597F1B-69EE-42C0-9ACC-F003C8FFDA2D}.Release|Any CPU.ActiveCfg = Release|Any CPU
		{7F597F1B-69EE-42C0-9ACC-F003C8FFDA2D}.Release|Any CPU.Build.0 = Release|Any CPU
		{6C44CBAE-9676-4B40-A59A-F67B69DC9A26}.Debug|Any CPU.ActiveCfg = Debug|Any CPU
		{6C44CBAE-9676-4B40-A59A-F67B69DC9A26}.Debug|Any CPU.Build.0 = Debug|Any CPU
		{6C44CBAE-9676-4B40-A59A-F67B69DC9A26}.Release|Any CPU.ActiveCfg = Release|Any CPU
		{6C44CBAE-9676-4B40-A59A-F67B69DC9A26}.Release|Any CPU.Build.0 = Release|Any CPU
		{13590CBB-1586-43D4-B6A3-21F6C2472775}.Debug|Any CPU.ActiveCfg = Debug|Any CPU
		{13590CBB-1586-43D4-B6A3-21F6C2472775}.Debug|Any CPU.Build.0 = Debug|Any CPU
		{13590CBB-1586-43D4-B6A3-21F6C2472775}.Release|Any CPU.ActiveCfg = Release|Any CPU
		{13590CBB-1586-43D4-B6A3-21F6C2472775}.Release|Any CPU.Build.0 = Release|Any CPU
	EndGlobalSection
	GlobalSection(SolutionProperties) = preSolution
		HideSolutionNode = FALSE
	EndGlobalSection
	GlobalSection(ExtensibilityGlobals) = postSolution
		SolutionGuid = {A09C3FBD-9356-496C-9FD9-598682DA2233}
	EndGlobalSection
EndGlobal
