
Microsoft Visual Studio Solution File, Format Version 12.00
# Visual Studio Version 17
VisualStudioVersion = 17.0.32112.339
MinimumVisualStudioVersion = 10.0.40219.1
Project("{9A19103F-16F7-4668-BE54-9A1E7A4F7556}") = "VkSchedman", "VkSchedman\VkSchedman.csproj", "{C37E6AF7-B3A5-4BB8-B35A-E526E7D0D057}"
EndProject
Project("{9A19103F-16F7-4668-BE54-9A1E7A4F7556}") = "VkSchedman.ChatBot", "VkSchedman.ChatBot.Development.V1\VkSchedman.ChatBot.csproj", "{C48DD155-99A6-4FC5-83DB-D7FA3B7AEE9D}"
EndProject
Project("{9A19103F-16F7-4668-BE54-9A1E7A4F7556}") = "VkSchedman.Examples", "VkSchedman.Examples\VkSchedman.Examples.csproj", "{17BA3245-FBCD-4FCE-A7F6-AA40FA86202B}"
EndProject
Project("{9A19103F-16F7-4668-BE54-9A1E7A4F7556}") = "VkSchedman.Tests", "VkSchedman.Tests\VkSchedman.Tests.csproj", "{5CB7E65E-34FB-491B-B7A9-82AA47CC5171}"
EndProject
Project("{FAE04EC0-301F-11D3-BF4B-00C04F79EFBC}") = "ConsoleUI", "ConsoleUI\ConsoleUI.csproj", "{B7D7F4FF-101D-4924-88E5-4E8BD79A903E}"
EndProject
Global
	GlobalSection(SolutionConfigurationPlatforms) = preSolution
		Debug|Any CPU = Debug|Any CPU
		Release|Any CPU = Release|Any CPU
	EndGlobalSection
	GlobalSection(ProjectConfigurationPlatforms) = postSolution
		{C37E6AF7-B3A5-4BB8-B35A-E526E7D0D057}.Debug|Any CPU.ActiveCfg = Debug|Any CPU
		{C37E6AF7-B3A5-4BB8-B35A-E526E7D0D057}.Debug|Any CPU.Build.0 = Debug|Any CPU
		{C37E6AF7-B3A5-4BB8-B35A-E526E7D0D057}.Release|Any CPU.ActiveCfg = Release|Any CPU
		{C37E6AF7-B3A5-4BB8-B35A-E526E7D0D057}.Release|Any CPU.Build.0 = Release|Any CPU
		{C48DD155-99A6-4FC5-83DB-D7FA3B7AEE9D}.Debug|Any CPU.ActiveCfg = Debug|Any CPU
		{C48DD155-99A6-4FC5-83DB-D7FA3B7AEE9D}.Debug|Any CPU.Build.0 = Debug|Any CPU
		{C48DD155-99A6-4FC5-83DB-D7FA3B7AEE9D}.Release|Any CPU.ActiveCfg = Release|Any CPU
		{C48DD155-99A6-4FC5-83DB-D7FA3B7AEE9D}.Release|Any CPU.Build.0 = Release|Any CPU
		{17BA3245-FBCD-4FCE-A7F6-AA40FA86202B}.Debug|Any CPU.ActiveCfg = Debug|Any CPU
		{17BA3245-FBCD-4FCE-A7F6-AA40FA86202B}.Debug|Any CPU.Build.0 = Debug|Any CPU
		{17BA3245-FBCD-4FCE-A7F6-AA40FA86202B}.Release|Any CPU.ActiveCfg = Release|Any CPU
		{17BA3245-FBCD-4FCE-A7F6-AA40FA86202B}.Release|Any CPU.Build.0 = Release|Any CPU
		{5CB7E65E-34FB-491B-B7A9-82AA47CC5171}.Debug|Any CPU.ActiveCfg = Debug|Any CPU
		{5CB7E65E-34FB-491B-B7A9-82AA47CC5171}.Debug|Any CPU.Build.0 = Debug|Any CPU
		{5CB7E65E-34FB-491B-B7A9-82AA47CC5171}.Release|Any CPU.ActiveCfg = Release|Any CPU
		{5CB7E65E-34FB-491B-B7A9-82AA47CC5171}.Release|Any CPU.Build.0 = Release|Any CPU
		{B7D7F4FF-101D-4924-88E5-4E8BD79A903E}.Debug|Any CPU.ActiveCfg = Debug|Any CPU
		{B7D7F4FF-101D-4924-88E5-4E8BD79A903E}.Debug|Any CPU.Build.0 = Debug|Any CPU
		{B7D7F4FF-101D-4924-88E5-4E8BD79A903E}.Release|Any CPU.ActiveCfg = Release|Any CPU
		{B7D7F4FF-101D-4924-88E5-4E8BD79A903E}.Release|Any CPU.Build.0 = Release|Any CPU
	EndGlobalSection
	GlobalSection(SolutionProperties) = preSolution
		HideSolutionNode = FALSE
	EndGlobalSection
	GlobalSection(ExtensibilityGlobals) = postSolution
		SolutionGuid = {43208F09-2C7A-49A7-A9E1-C0D04A6A50F1}
	EndGlobalSection
EndGlobal
